
Microsoft Visual Studio Solution File, Format Version 12.00
# Visual Studio Version 16
VisualStudioVersion = 16.0.31129.286
MinimumVisualStudioVersion = 10.0.40219.1
Project("{9A19103F-16F7-4668-BE54-9A1E7A4F7556}") = "reblGreen.Serialization.JsonSchema", "reblGreen.Serialization.JsonSchema\reblGreen.Serialization.JsonSchema.csproj", "{F431D2A0-270C-41DB-BA42-AE8B486043CF}"
EndProject
Project("{9A19103F-16F7-4668-BE54-9A1E7A4F7556}") = "reblGreen.Serialization.TestApplication", "reblGreen.Serialization.TestApplication\reblGreen.Serialization.TestApplication.csproj", "{70D4A79B-0AB9-4F02-BB06-809A39E975B7}"
EndProject
Global
	GlobalSection(SolutionConfigurationPlatforms) = preSolution
		Debug|Any CPU = Debug|Any CPU
		Release|Any CPU = Release|Any CPU
	EndGlobalSection
	GlobalSection(ProjectConfigurationPlatforms) = postSolution
		{F431D2A0-270C-41DB-BA42-AE8B486043CF}.Debug|Any CPU.ActiveCfg = Debug|Any CPU
		{F431D2A0-270C-41DB-BA42-AE8B486043CF}.Debug|Any CPU.Build.0 = Debug|Any CPU
		{F431D2A0-270C-41DB-BA42-AE8B486043CF}.Release|Any CPU.ActiveCfg = Release|Any CPU
		{F431D2A0-270C-41DB-BA42-AE8B486043CF}.Release|Any CPU.Build.0 = Release|Any CPU
		{70D4A79B-0AB9-4F02-BB06-809A39E975B7}.Debug|Any CPU.ActiveCfg = Debug|Any CPU
		{70D4A79B-0AB9-4F02-BB06-809A39E975B7}.Debug|Any CPU.Build.0 = Debug|Any CPU
		{70D4A79B-0AB9-4F02-BB06-809A39E975B7}.Release|Any CPU.ActiveCfg = Release|Any CPU
		{70D4A79B-0AB9-4F02-BB06-809A39E975B7}.Release|Any CPU.Build.0 = Release|Any CPU
	EndGlobalSection
	GlobalSection(SolutionProperties) = preSolution
		HideSolutionNode = FALSE
	EndGlobalSection
	GlobalSection(ExtensibilityGlobals) = postSolution
		SolutionGuid = {77831DA5-D21C-4B35-B3F5-432D93AA7F8F}
	EndGlobalSection
EndGlobal
